
Microsoft Visual Studio Solution File, Format Version 12.00
# Visual Studio Version 17
VisualStudioVersion = 17.0.31912.275
MinimumVisualStudioVersion = 10.0.40219.1
Project("{FAE04EC0-301F-11D3-BF4B-00C04F79EFBC}") = "Algorithms.Sorting", "CSharpAlgorithms\Algorithms.Sorting.csproj", "{8285C396-FE52-483C-A69C-62D89B29F13E}"
EndProject
Global
	GlobalSection(SolutionConfigurationPlatforms) = preSolution
		Debug|Any CPU = Debug|Any CPU
		Release|Any CPU = Release|Any CPU
	EndGlobalSection
	GlobalSection(ProjectConfigurationPlatforms) = postSolution
		{8285C396-FE52-483C-A69C-62D89B29F13E}.Debug|Any CPU.ActiveCfg = Debug|Any CPU
		{8285C396-FE52-483C-A69C-62D89B29F13E}.Debug|Any CPU.Build.0 = Debug|Any CPU
		{8285C396-FE52-483C-A69C-62D89B29F13E}.Release|Any CPU.ActiveCfg = Release|Any CPU
		{8285C396-FE52-483C-A69C-62D89B29F13E}.Release|Any CPU.Build.0 = Release|Any CPU
	EndGlobalSection
	GlobalSection(SolutionProperties) = preSolution
		HideSolutionNode = FALSE
	EndGlobalSection
	GlobalSection(ExtensibilityGlobals) = postSolution
		SolutionGuid = {3F3B25EE-997C-4521-9EEF-01FC8F83A486}
	EndGlobalSection
EndGlobal
